
Microsoft Visual Studio Solution File, Format Version 12.00
# Visual Studio Version 16
VisualStudioVersion = 16.0.30907.101
MinimumVisualStudioVersion = 10.0.40219.1
Project("{9A19103F-16F7-4668-BE54-9A1E7A4F7556}") = "SpaceBook", "SpaceBook\SpaceBook.csproj", "{36CFA10B-2FC3-4189-A374-31487B87788D}"
EndProject
Project("{9A19103F-16F7-4668-BE54-9A1E7A4F7556}") = "SpaceBook.Models", "SpaceBook.Models\SpaceBook.Models.csproj", "{242EA65F-35F6-49C2-AE51-685C4A04EF45}"
EndProject
Project("{FAE04EC0-301F-11D3-BF4B-00C04F79EFBC}") = "SpaceBook.Business", "SpaceBook.Business\SpaceBook.Business.csproj", "{669FB074-C9CF-4B54-A9A3-586B3CAD7297}"
EndProject
Project("{FAE04EC0-301F-11D3-BF4B-00C04F79EFBC}") = "SpaceBook.Repository", "SpaceBook.Repository\SpaceBook.Repository.csproj", "{2FF4DA22-E87E-438D-B074-B96183BE89A7}"
EndProject
Project("{FAE04EC0-301F-11D3-BF4B-00C04F79EFBC}") = "SpaceBook.Tests", "SpaceBook.Tests\SpaceBook.Tests.csproj", "{F054B644-1B6A-4ECF-B1D7-B65A8C752808}"
EndProject
Global
	GlobalSection(SolutionConfigurationPlatforms) = preSolution
		Debug|Any CPU = Debug|Any CPU
		Release|Any CPU = Release|Any CPU
	EndGlobalSection
	GlobalSection(ProjectConfigurationPlatforms) = postSolution
		{36CFA10B-2FC3-4189-A374-31487B87788D}.Debug|Any CPU.ActiveCfg = Debug|Any CPU
		{36CFA10B-2FC3-4189-A374-31487B87788D}.Debug|Any CPU.Build.0 = Debug|Any CPU
		{36CFA10B-2FC3-4189-A374-31487B87788D}.Release|Any CPU.ActiveCfg = Release|Any CPU
		{36CFA10B-2FC3-4189-A374-31487B87788D}.Release|Any CPU.Build.0 = Release|Any CPU
		{242EA65F-35F6-49C2-AE51-685C4A04EF45}.Debug|Any CPU.ActiveCfg = Debug|Any CPU
		{242EA65F-35F6-49C2-AE51-685C4A04EF45}.Debug|Any CPU.Build.0 = Debug|Any CPU
		{242EA65F-35F6-49C2-AE51-685C4A04EF45}.Release|Any CPU.ActiveCfg = Release|Any CPU
		{242EA65F-35F6-49C2-AE51-685C4A04EF45}.Release|Any CPU.Build.0 = Release|Any CPU
		{669FB074-C9CF-4B54-A9A3-586B3CAD7297}.Debug|Any CPU.ActiveCfg = Debug|Any CPU
		{669FB074-C9CF-4B54-A9A3-586B3CAD7297}.Debug|Any CPU.Build.0 = Debug|Any CPU
		{669FB074-C9CF-4B54-A9A3-586B3CAD7297}.Release|Any CPU.ActiveCfg = Release|Any CPU
		{669FB074-C9CF-4B54-A9A3-586B3CAD7297}.Release|Any CPU.Build.0 = Release|Any CPU
		{2FF4DA22-E87E-438D-B074-B96183BE89A7}.Debug|Any CPU.ActiveCfg = Debug|Any CPU
		{2FF4DA22-E87E-438D-B074-B96183BE89A7}.Debug|Any CPU.Build.0 = Debug|Any CPU
		{2FF4DA22-E87E-438D-B074-B96183BE89A7}.Release|Any CPU.ActiveCfg = Release|Any CPU
		{2FF4DA22-E87E-438D-B074-B96183BE89A7}.Release|Any CPU.Build.0 = Release|Any CPU
		{F054B644-1B6A-4ECF-B1D7-B65A8C752808}.Debug|Any CPU.ActiveCfg = Debug|Any CPU
		{F054B644-1B6A-4ECF-B1D7-B65A8C752808}.Debug|Any CPU.Build.0 = Debug|Any CPU
		{F054B644-1B6A-4ECF-B1D7-B65A8C752808}.Release|Any CPU.ActiveCfg = Release|Any CPU
		{F054B644-1B6A-4ECF-B1D7-B65A8C752808}.Release|Any CPU.Build.0 = Release|Any CPU
	EndGlobalSection
	GlobalSection(SolutionProperties) = preSolution
		HideSolutionNode = FALSE
	EndGlobalSection
	GlobalSection(ExtensibilityGlobals) = postSolution
		SolutionGuid = {D99422B0-06E8-4B7F-8013-FF3CE0D8FD32}
	EndGlobalSection
EndGlobal
